
Microsoft Visual Studio Solution File, Format Version 12.00
# Visual Studio Version 17
VisualStudioVersion = 17.4.33205.214
MinimumVisualStudioVersion = 10.0.40219.1
Project("{FAE04EC0-301F-11D3-BF4B-00C04F79EFBC}") = "h2_to_h3_scenario_converter", "h2_to_h3_scenario_converter.csproj", "{CD8E489E-61C7-4451-8374-D2C6A21B6720}"
EndProject
Global
	GlobalSection(SolutionConfigurationPlatforms) = preSolution
		Debug|Any CPU = Debug|Any CPU
		Release|Any CPU = Release|Any CPU
	EndGlobalSection
	GlobalSection(ProjectConfigurationPlatforms) = postSolution
		{CD8E489E-61C7-4451-8374-D2C6A21B6720}.Debug|Any CPU.ActiveCfg = Debug|Any CPU
		{CD8E489E-61C7-4451-8374-D2C6A21B6720}.Debug|Any CPU.Build.0 = Debug|Any CPU
		{CD8E489E-61C7-4451-8374-D2C6A21B6720}.Release|Any CPU.ActiveCfg = Release|Any CPU
		{CD8E489E-61C7-4451-8374-D2C6A21B6720}.Release|Any CPU.Build.0 = Release|Any CPU
	EndGlobalSection
	GlobalSection(SolutionProperties) = preSolution
		HideSolutionNode = FALSE
	EndGlobalSection
	GlobalSection(ExtensibilityGlobals) = postSolution
		SolutionGuid = {8986A5B0-94D0-4EFE-B279-D54999804CFD}
	EndGlobalSection
EndGlobal
